
Microsoft Visual Studio Solution File, Format Version 12.00
# Visual Studio Version 17
VisualStudioVersion = 17.2.32519.379
MinimumVisualStudioVersion = 10.0.40219.1
Project("{FAE04EC0-301F-11D3-BF4B-00C04F79EFBC}") = "Файловый менеджер", "Файловый менеджер.csproj", "{D6BD62DB-43F5-4BC1-B312-5A0C7443FDE6}"
EndProject
Global
	GlobalSection(SolutionConfigurationPlatforms) = preSolution
		Debug|Any CPU = Debug|Any CPU
		Release|Any CPU = Release|Any CPU
	EndGlobalSection
	GlobalSection(ProjectConfigurationPlatforms) = postSolution
		{D6BD62DB-43F5-4BC1-B312-5A0C7443FDE6}.Debug|Any CPU.ActiveCfg = Debug|Any CPU
		{D6BD62DB-43F5-4BC1-B312-5A0C7443FDE6}.Debug|Any CPU.Build.0 = Debug|Any CPU
		{D6BD62DB-43F5-4BC1-B312-5A0C7443FDE6}.Release|Any CPU.ActiveCfg = Release|Any CPU
		{D6BD62DB-43F5-4BC1-B312-5A0C7443FDE6}.Release|Any CPU.Build.0 = Release|Any CPU
	EndGlobalSection
	GlobalSection(SolutionProperties) = preSolution
		HideSolutionNode = FALSE
	EndGlobalSection
	GlobalSection(ExtensibilityGlobals) = postSolution
		SolutionGuid = {0630F4B6-C969-4A18-AF17-B39841F0897B}
	EndGlobalSection
EndGlobal
